
Microsoft Visual Studio Solution File, Format Version 12.00
# Visual Studio 14
VisualStudioVersion = 14.0.25420.1
MinimumVisualStudioVersion = 10.0.40219.1
Project("{FAE04EC0-301F-11D3-BF4B-00C04F79EFBC}") = "Mongo", "Mongo\Mongo.csproj", "{6B3139F0-9F1E-4D3A-9303-1EF9B43A4FCB}"
EndProject
Project("{2150E333-8FDC-42A3-9474-1A3956D46DE8}") = "Tests", "Tests", "{1AA7B04F-1FD5-4E32-B612-D9217A16B5B2}"
EndProject
Project("{FAE04EC0-301F-11D3-BF4B-00C04F79EFBC}") = "Mongo.Tests", "Mongo.Tests\Mongo.Tests.csproj", "{AE88D765-E4A0-43BC-A6A5-11CD589580E0}"
EndProject
Project("{FAE04EC0-301F-11D3-BF4B-00C04F79EFBC}") = "TestNUnit", "NUnit\TestNUnit.csproj", "{728E9205-5562-4D16-8839-081F37F75BEE}"
EndProject
Project("{FAE04EC0-301F-11D3-BF4B-00C04F79EFBC}") = "UserManagement", "UserManagement\UserManagement.csproj", "{CA09133B-0EB6-467F-827E-1E0E3706E5AE}"
EndProject
Project("{FAE04EC0-301F-11D3-BF4B-00C04F79EFBC}") = "Logging", "Logging\Logging.csproj", "{E2725A5E-4EB9-4F79-B24C-F7598201C0F7}"
EndProject
Project("{FAE04EC0-301F-11D3-BF4B-00C04F79EFBC}") = "Mapper", "Mapper\Mapper.csproj", "{6EBDCB84-95A9-417B-967E-37ACF7D4ABCA}"
EndProject
Project("{2150E333-8FDC-42A3-9474-1A3956D46DE8}") = "Auth", "Auth", "{45BACE28-DAFF-44E1-8528-B6196986B8F3}"
EndProject
Project("{FAE04EC0-301F-11D3-BF4B-00C04F79EFBC}") = "Auth.Domain", "Auth.Domain\Auth.Domain.csproj", "{FC2614C3-74ED-4E9F-A8B9-98D18A59D0C0}"
EndProject
Project("{FAE04EC0-301F-11D3-BF4B-00C04F79EFBC}") = "Auth.Service", "Auth.Service\Auth.Service.csproj", "{EECD97C9-87B4-4E00-8455-A8C80ABFB66F}"
EndProject
Project("{FAE04EC0-301F-11D3-BF4B-00C04F79EFBC}") = "Auth.Mongo", "Auth.Mongo\Auth.Mongo.csproj", "{141873A9-7298-45BA-88DE-AC8C49492E95}"
EndProject
Project("{FAE04EC0-301F-11D3-BF4B-00C04F79EFBC}") = "Auth.WebApi", "Auth.WebApi\Auth.WebApi.csproj", "{C92F3088-B5C6-4095-8D49-C13A55F42577}"
EndProject
Project("{FAE04EC0-301F-11D3-BF4B-00C04F79EFBC}") = "Auth.IisWebApiHost", "Auth.IisWebApiHost\Auth.IisWebApiHost.csproj", "{EE1BEEE8-7FE3-48E9-8F9B-1C769744C010}"
EndProject
Project("{FAE04EC0-301F-11D3-BF4B-00C04F79EFBC}") = "Auth.Domain.Tests", "Auth.Domain.Tests\Auth.Domain.Tests.csproj", "{0D862F9E-FDB7-416E-8621-6D7F28E21AEB}"
EndProject
Project("{FAE04EC0-301F-11D3-BF4B-00C04F79EFBC}") = "TestMongoUtilities", "TestMongoUtilities\TestMongoUtilities.csproj", "{79D5C2C6-AE98-4B38-9BB8-167118E81998}"
EndProject
Project("{FAE04EC0-301F-11D3-BF4B-00C04F79EFBC}") = "Auth.Service.Tests", "Auth.Service.Tests\Auth.Service.Tests.csproj", "{A63BEA9E-EA73-4226-B7B1-2DD1503A262E}"
EndProject
Project("{FAE04EC0-301F-11D3-BF4B-00C04F79EFBC}") = "Auth.Mongo.Tests", "Auth.Mongo.Tests\Auth.Mongo.Tests.csproj", "{74A1EA98-466C-4463-8BBE-5F2D15BF0746}"
EndProject
Project("{2150E333-8FDC-42A3-9474-1A3956D46DE8}") = "Shared", "Shared", "{48F3FE18-D7E9-48D0-80A1-720D40342D54}"
EndProject
Project("{2150E333-8FDC-42A3-9474-1A3956D46DE8}") = "Applications", "Applications", "{A535CAFD-FEAE-480C-8335-20C80F90C3D0}"
EndProject
Project("{FAE04EC0-301F-11D3-BF4B-00C04F79EFBC}") = "Timing", "Timing\Timing.csproj", "{ED9532D4-7643-4A2F-AC6A-7EA11BBF2612}"
EndProject
Project("{2150E333-8FDC-42A3-9474-1A3956D46DE8}") = "Auth", "Auth", "{93B7AF55-9814-4DB4-8A3B-686FE3A6151D}"
EndProject
Project("{2150E333-8FDC-42A3-9474-1A3956D46DE8}") = "Shared", "Shared", "{EB7F811E-7FB3-484C-82C2-815098A2B9DF}"
EndProject
Project("{2150E333-8FDC-42A3-9474-1A3956D46DE8}") = "Core", "Core", "{9E6A42FB-33D2-4D33-9F67-5BDD959DDAFD}"
EndProject
Project("{FAE04EC0-301F-11D3-BF4B-00C04F79EFBC}") = "Core.Domain", "Core.Domain\Core.Domain.csproj", "{306E3C51-E72E-4543-9F58-B65990CC8437}"
EndProject
Project("{FAE04EC0-301F-11D3-BF4B-00C04F79EFBC}") = "Core.Service", "Core.Service\Core.Service.csproj", "{4CFF0E68-8388-4998-8CCA-2495277C3BD7}"
EndProject
Project("{2150E333-8FDC-42A3-9474-1A3956D46DE8}") = "Core", "Core", "{9C4A7AF8-B7DB-415A-8ACE-27330CE5ECB8}"
EndProject
Project("{FAE04EC0-301F-11D3-BF4B-00C04F79EFBC}") = "Core.Service.Tests", "Core.Service.Tests\Core.Service.Tests.csproj", "{CD997CA8-7706-4133-B05E-28C2667F67B1}"
EndProject
Project("{FAE04EC0-301F-11D3-BF4B-00C04F79EFBC}") = "Core.Domain.Tests", "Core.Domain.Tests\Core.Domain.Tests.csproj", "{660936C5-2DB1-482F-8694-17EDA2FA749E}"
EndProject
Project("{FAE04EC0-301F-11D3-BF4B-00C04F79EFBC}") = "Domain", "Domain\Domain.csproj", "{6D80EA1D-B7BF-422A-8577-824CC4A87F2E}"
EndProject
Project("{FAE04EC0-301F-11D3-BF4B-00C04F79EFBC}") = "Core.Mail", "Core.Mail\Core.Mail.csproj", "{8B643F85-8A84-4DDC-9B4D-C7CF10BF0296}"
EndProject
Project("{FAE04EC0-301F-11D3-BF4B-00C04F79EFBC}") = "Core.Mongo", "Core.Mongo\Core.Mongo.csproj", "{B3DF8994-3835-4BEC-A11F-7D765413D37A}"
EndProject
Project("{FAE04EC0-301F-11D3-BF4B-00C04F79EFBC}") = "Core.Mongo.Tests", "Core.Mongo.Tests\Core.Mongo.Tests.csproj", "{DFC1295F-DC3C-428C-A3D4-507A9FADC67F}"
EndProject
Project("{FAE04EC0-301F-11D3-BF4B-00C04F79EFBC}") = "TestTimingUtilities", "TestTimingUtilities\TestTimingUtilities.csproj", "{9C80326B-4A56-44C1-9310-B122D5122245}"
EndProject
Project("{FAE04EC0-301F-11D3-BF4B-00C04F79EFBC}") = "Auth.Contract", "Auth.Contract\Auth.Contract.csproj", "{12E06B20-78EC-4B54-8B43-81202F618E62}"
EndProject
Project("{FAE04EC0-301F-11D3-BF4B-00C04F79EFBC}") = "Configuration", "Configuration\Configuration.csproj", "{9D893E1E-2741-4178-93FA-69C8F33110B1}"
EndProject
Project("{FAE04EC0-301F-11D3-BF4B-00C04F79EFBC}") = "Auth.RestClient", "Auth.RestClient\Auth.RestClient.csproj", "{E65FFB0D-BA55-4724-9D65-7FB88BAF81DD}"
EndProject
Project("{FAE04EC0-301F-11D3-BF4B-00C04F79EFBC}") = "RestClient", "RestClient\RestClient.csproj", "{0F8931B1-BE3D-4544-9D9E-A7616B736A28}"
EndProject
Project("{FAE04EC0-301F-11D3-BF4B-00C04F79EFBC}") = "RestClient.Tests", "RestClient.Tests\RestClient.Tests.csproj", "{7C964BB8-FDBB-4B43-8EB6-9678BE2E9FD8}"
EndProject
Project("{FAE04EC0-301F-11D3-BF4B-00C04F79EFBC}") = "Auth.RestClient.Tests", "Auth.RestClient.Tests\Auth.RestClient.Tests.csproj", "{8EED5F10-67B6-47BE-A2F3-C9AA2485F6C9}"
EndProject
Project("{FAE04EC0-301F-11D3-BF4B-00C04F79EFBC}") = "WebApi", "WebApi\WebApi.csproj", "{A4594427-AD8C-424F-AEFD-F995EB99EE39}"
EndProject
Project("{FAE04EC0-301F-11D3-BF4B-00C04F79EFBC}") = "TestWebApiUtilities", "TestWebApiUtilities\TestWebApiUtilities.csproj", "{70C9ABF7-A821-4759-837D-C85B0A56D018}"
EndProject
Project("{2150E333-8FDC-42A3-9474-1A3956D46DE8}") = "_resources", "_resources", "{066B9E01-66C2-47F0-90C2-6650692A696B}"
	ProjectSection(SolutionItems) = preProject
		_resources\test.txt = _resources\test.txt
	EndProjectSection
EndProject
Project("{FAE04EC0-301F-11D3-BF4B-00C04F79EFBC}") = "TestComparisonUtilities", "TestComparisonUtilities\TestComparisonUtilities.csproj", "{A4FAC0E2-7312-4013-B0B1-9252C5C4DB9D}"
EndProject
Project("{2150E333-8FDC-42A3-9474-1A3956D46DE8}") = "Role", "Role", "{54ED0C13-36DF-4BD8-A7E9-B9CB72AC9F3A}"
EndProject
Project("{FAE04EC0-301F-11D3-BF4B-00C04F79EFBC}") = "Role.Domain", "Role.Domain\Role.Domain.csproj", "{EE2A484A-02B8-44AD-87EB-64E42B869933}"
EndProject
Project("{2150E333-8FDC-42A3-9474-1A3956D46DE8}") = "Role", "Role", "{3C41792F-6734-4E52-AC0E-21E665B63EB0}"
EndProject
Project("{FAE04EC0-301F-11D3-BF4B-00C04F79EFBC}") = "Role.Mongo", "Role.Mongo\Role.Mongo.csproj", "{641DB0C5-30A5-45F4-B9D8-5275E14CB44F}"
EndProject
Project("{FAE04EC0-301F-11D3-BF4B-00C04F79EFBC}") = "Role.Mongo.Tests", "Role.Mongo.Tests\Role.Mongo.Tests.csproj", "{8812EBB2-DD0E-4792-8A9B-653D37C6C66E}"
EndProject
Project("{FAE04EC0-301F-11D3-BF4B-00C04F79EFBC}") = "Role.WebApi", "Role.WebApi\Role.WebApi.csproj", "{6EA06A84-7EE7-4DC8-9EBC-F266404B6C3C}"
EndProject
Project("{FAE04EC0-301F-11D3-BF4B-00C04F79EFBC}") = "Role.IisWebApiHost", "Role.IisWebApiHost\Role.IisWebApiHost.csproj", "{4A13732F-26F4-4BBD-93F9-5C87DD53B785}"
EndProject
Project("{FAE04EC0-301F-11D3-BF4B-00C04F79EFBC}") = "MvcAuthrorization", "MvcAuthrorization\MvcAuthrorization.csproj", "{8D6EBC49-F4E4-4122-8657-964617460EAA}"
EndProject
Project("{FAE04EC0-301F-11D3-BF4B-00C04F79EFBC}") = "Role.Contract", "Role.Contract\Role.Contract.csproj", "{EADB72A9-5475-4592-A3E3-CA1174535C5F}"
EndProject
Project("{FAE04EC0-301F-11D3-BF4B-00C04F79EFBC}") = "WebPortal", "WebPortal\WebPortal.csproj", "{9B5CED69-46F7-4603-8DA9-BD36B1F8D3E9}"
EndProject
Project("{FAE04EC0-301F-11D3-BF4B-00C04F79EFBC}") = "Role.Domain.Tests", "Role.Domain.Tests\Role.Domain.Tests.csproj", "{4DD89D01-350E-4CDA-96F8-A6515E3C88AB}"
EndProject
Global
	GlobalSection(SolutionConfigurationPlatforms) = preSolution
		Debug|Any CPU = Debug|Any CPU
		Release|Any CPU = Release|Any CPU
	EndGlobalSection
	GlobalSection(ProjectConfigurationPlatforms) = postSolution
		{6B3139F0-9F1E-4D3A-9303-1EF9B43A4FCB}.Debug|Any CPU.ActiveCfg = Debug|Any CPU
		{6B3139F0-9F1E-4D3A-9303-1EF9B43A4FCB}.Debug|Any CPU.Build.0 = Debug|Any CPU
		{6B3139F0-9F1E-4D3A-9303-1EF9B43A4FCB}.Release|Any CPU.ActiveCfg = Release|Any CPU
		{6B3139F0-9F1E-4D3A-9303-1EF9B43A4FCB}.Release|Any CPU.Build.0 = Release|Any CPU
		{AE88D765-E4A0-43BC-A6A5-11CD589580E0}.Debug|Any CPU.ActiveCfg = Debug|Any CPU
		{AE88D765-E4A0-43BC-A6A5-11CD589580E0}.Debug|Any CPU.Build.0 = Debug|Any CPU
		{AE88D765-E4A0-43BC-A6A5-11CD589580E0}.Release|Any CPU.ActiveCfg = Release|Any CPU
		{AE88D765-E4A0-43BC-A6A5-11CD589580E0}.Release|Any CPU.Build.0 = Release|Any CPU
		{728E9205-5562-4D16-8839-081F37F75BEE}.Debug|Any CPU.ActiveCfg = Debug|Any CPU
		{728E9205-5562-4D16-8839-081F37F75BEE}.Debug|Any CPU.Build.0 = Debug|Any CPU
		{728E9205-5562-4D16-8839-081F37F75BEE}.Release|Any CPU.ActiveCfg = Release|Any CPU
		{728E9205-5562-4D16-8839-081F37F75BEE}.Release|Any CPU.Build.0 = Release|Any CPU
		{CA09133B-0EB6-467F-827E-1E0E3706E5AE}.Debug|Any CPU.ActiveCfg = Debug|Any CPU
		{CA09133B-0EB6-467F-827E-1E0E3706E5AE}.Debug|Any CPU.Build.0 = Debug|Any CPU
		{CA09133B-0EB6-467F-827E-1E0E3706E5AE}.Release|Any CPU.ActiveCfg = Release|Any CPU
		{CA09133B-0EB6-467F-827E-1E0E3706E5AE}.Release|Any CPU.Build.0 = Release|Any CPU
		{E2725A5E-4EB9-4F79-B24C-F7598201C0F7}.Debug|Any CPU.ActiveCfg = Debug|Any CPU
		{E2725A5E-4EB9-4F79-B24C-F7598201C0F7}.Debug|Any CPU.Build.0 = Debug|Any CPU
		{E2725A5E-4EB9-4F79-B24C-F7598201C0F7}.Release|Any CPU.ActiveCfg = Release|Any CPU
		{E2725A5E-4EB9-4F79-B24C-F7598201C0F7}.Release|Any CPU.Build.0 = Release|Any CPU
		{6EBDCB84-95A9-417B-967E-37ACF7D4ABCA}.Debug|Any CPU.ActiveCfg = Debug|Any CPU
		{6EBDCB84-95A9-417B-967E-37ACF7D4ABCA}.Debug|Any CPU.Build.0 = Debug|Any CPU
		{6EBDCB84-95A9-417B-967E-37ACF7D4ABCA}.Release|Any CPU.ActiveCfg = Release|Any CPU
		{6EBDCB84-95A9-417B-967E-37ACF7D4ABCA}.Release|Any CPU.Build.0 = Release|Any CPU
		{FC2614C3-74ED-4E9F-A8B9-98D18A59D0C0}.Debug|Any CPU.ActiveCfg = Debug|Any CPU
		{FC2614C3-74ED-4E9F-A8B9-98D18A59D0C0}.Debug|Any CPU.Build.0 = Debug|Any CPU
		{FC2614C3-74ED-4E9F-A8B9-98D18A59D0C0}.Release|Any CPU.ActiveCfg = Release|Any CPU
		{FC2614C3-74ED-4E9F-A8B9-98D18A59D0C0}.Release|Any CPU.Build.0 = Release|Any CPU
		{EECD97C9-87B4-4E00-8455-A8C80ABFB66F}.Debug|Any CPU.ActiveCfg = Debug|Any CPU
		{EECD97C9-87B4-4E00-8455-A8C80ABFB66F}.Debug|Any CPU.Build.0 = Debug|Any CPU
		{EECD97C9-87B4-4E00-8455-A8C80ABFB66F}.Release|Any CPU.ActiveCfg = Release|Any CPU
		{EECD97C9-87B4-4E00-8455-A8C80ABFB66F}.Release|Any CPU.Build.0 = Release|Any CPU
		{141873A9-7298-45BA-88DE-AC8C49492E95}.Debug|Any CPU.ActiveCfg = Debug|Any CPU
		{141873A9-7298-45BA-88DE-AC8C49492E95}.Debug|Any CPU.Build.0 = Debug|Any CPU
		{141873A9-7298-45BA-88DE-AC8C49492E95}.Release|Any CPU.ActiveCfg = Release|Any CPU
		{141873A9-7298-45BA-88DE-AC8C49492E95}.Release|Any CPU.Build.0 = Release|Any CPU
		{C92F3088-B5C6-4095-8D49-C13A55F42577}.Debug|Any CPU.ActiveCfg = Debug|Any CPU
		{C92F3088-B5C6-4095-8D49-C13A55F42577}.Debug|Any CPU.Build.0 = Debug|Any CPU
		{C92F3088-B5C6-4095-8D49-C13A55F42577}.Release|Any CPU.ActiveCfg = Release|Any CPU
		{C92F3088-B5C6-4095-8D49-C13A55F42577}.Release|Any CPU.Build.0 = Release|Any CPU
		{EE1BEEE8-7FE3-48E9-8F9B-1C769744C010}.Debug|Any CPU.ActiveCfg = Debug|Any CPU
		{EE1BEEE8-7FE3-48E9-8F9B-1C769744C010}.Debug|Any CPU.Build.0 = Debug|Any CPU
		{EE1BEEE8-7FE3-48E9-8F9B-1C769744C010}.Release|Any CPU.ActiveCfg = Release|Any CPU
		{EE1BEEE8-7FE3-48E9-8F9B-1C769744C010}.Release|Any CPU.Build.0 = Release|Any CPU
		{0D862F9E-FDB7-416E-8621-6D7F28E21AEB}.Debug|Any CPU.ActiveCfg = Debug|Any CPU
		{0D862F9E-FDB7-416E-8621-6D7F28E21AEB}.Debug|Any CPU.Build.0 = Debug|Any CPU
		{0D862F9E-FDB7-416E-8621-6D7F28E21AEB}.Release|Any CPU.ActiveCfg = Release|Any CPU
		{0D862F9E-FDB7-416E-8621-6D7F28E21AEB}.Release|Any CPU.Build.0 = Release|Any CPU
		{79D5C2C6-AE98-4B38-9BB8-167118E81998}.Debug|Any CPU.ActiveCfg = Debug|Any CPU
		{79D5C2C6-AE98-4B38-9BB8-167118E81998}.Debug|Any CPU.Build.0 = Debug|Any CPU
		{79D5C2C6-AE98-4B38-9BB8-167118E81998}.Release|Any CPU.ActiveCfg = Release|Any CPU
		{79D5C2C6-AE98-4B38-9BB8-167118E81998}.Release|Any CPU.Build.0 = Release|Any CPU
		{A63BEA9E-EA73-4226-B7B1-2DD1503A262E}.Debug|Any CPU.ActiveCfg = Debug|Any CPU
		{A63BEA9E-EA73-4226-B7B1-2DD1503A262E}.Debug|Any CPU.Build.0 = Debug|Any CPU
		{A63BEA9E-EA73-4226-B7B1-2DD1503A262E}.Release|Any CPU.ActiveCfg = Release|Any CPU
		{A63BEA9E-EA73-4226-B7B1-2DD1503A262E}.Release|Any CPU.Build.0 = Release|Any CPU
		{74A1EA98-466C-4463-8BBE-5F2D15BF0746}.Debug|Any CPU.ActiveCfg = Debug|Any CPU
		{74A1EA98-466C-4463-8BBE-5F2D15BF0746}.Debug|Any CPU.Build.0 = Debug|Any CPU
		{74A1EA98-466C-4463-8BBE-5F2D15BF0746}.Release|Any CPU.ActiveCfg = Release|Any CPU
		{74A1EA98-466C-4463-8BBE-5F2D15BF0746}.Release|Any CPU.Build.0 = Release|Any CPU
		{ED9532D4-7643-4A2F-AC6A-7EA11BBF2612}.Debug|Any CPU.ActiveCfg = Debug|Any CPU
		{ED9532D4-7643-4A2F-AC6A-7EA11BBF2612}.Debug|Any CPU.Build.0 = Debug|Any CPU
		{ED9532D4-7643-4A2F-AC6A-7EA11BBF2612}.Release|Any CPU.ActiveCfg = Release|Any CPU
		{ED9532D4-7643-4A2F-AC6A-7EA11BBF2612}.Release|Any CPU.Build.0 = Release|Any CPU
		{306E3C51-E72E-4543-9F58-B65990CC8437}.Debug|Any CPU.ActiveCfg = Debug|Any CPU
		{306E3C51-E72E-4543-9F58-B65990CC8437}.Debug|Any CPU.Build.0 = Debug|Any CPU
		{306E3C51-E72E-4543-9F58-B65990CC8437}.Release|Any CPU.ActiveCfg = Release|Any CPU
		{306E3C51-E72E-4543-9F58-B65990CC8437}.Release|Any CPU.Build.0 = Release|Any CPU
		{4CFF0E68-8388-4998-8CCA-2495277C3BD7}.Debug|Any CPU.ActiveCfg = Debug|Any CPU
		{4CFF0E68-8388-4998-8CCA-2495277C3BD7}.Debug|Any CPU.Build.0 = Debug|Any CPU
		{4CFF0E68-8388-4998-8CCA-2495277C3BD7}.Release|Any CPU.ActiveCfg = Release|Any CPU
		{4CFF0E68-8388-4998-8CCA-2495277C3BD7}.Release|Any CPU.Build.0 = Release|Any CPU
		{CD997CA8-7706-4133-B05E-28C2667F67B1}.Debug|Any CPU.ActiveCfg = Debug|Any CPU
		{CD997CA8-7706-4133-B05E-28C2667F67B1}.Debug|Any CPU.Build.0 = Debug|Any CPU
		{CD997CA8-7706-4133-B05E-28C2667F67B1}.Release|Any CPU.ActiveCfg = Release|Any CPU
		{CD997CA8-7706-4133-B05E-28C2667F67B1}.Release|Any CPU.Build.0 = Release|Any CPU
		{660936C5-2DB1-482F-8694-17EDA2FA749E}.Debug|Any CPU.ActiveCfg = Debug|Any CPU
		{660936C5-2DB1-482F-8694-17EDA2FA749E}.Debug|Any CPU.Build.0 = Debug|Any CPU
		{660936C5-2DB1-482F-8694-17EDA2FA749E}.Release|Any CPU.ActiveCfg = Release|Any CPU
		{660936C5-2DB1-482F-8694-17EDA2FA749E}.Release|Any CPU.Build.0 = Release|Any CPU
		{6D80EA1D-B7BF-422A-8577-824CC4A87F2E}.Debug|Any CPU.ActiveCfg = Debug|Any CPU
		{6D80EA1D-B7BF-422A-8577-824CC4A87F2E}.Debug|Any CPU.Build.0 = Debug|Any CPU
		{6D80EA1D-B7BF-422A-8577-824CC4A87F2E}.Release|Any CPU.ActiveCfg = Release|Any CPU
		{6D80EA1D-B7BF-422A-8577-824CC4A87F2E}.Release|Any CPU.Build.0 = Release|Any CPU
		{8B643F85-8A84-4DDC-9B4D-C7CF10BF0296}.Debug|Any CPU.ActiveCfg = Debug|Any CPU
		{8B643F85-8A84-4DDC-9B4D-C7CF10BF0296}.Debug|Any CPU.Build.0 = Debug|Any CPU
		{8B643F85-8A84-4DDC-9B4D-C7CF10BF0296}.Release|Any CPU.ActiveCfg = Release|Any CPU
		{8B643F85-8A84-4DDC-9B4D-C7CF10BF0296}.Release|Any CPU.Build.0 = Release|Any CPU
		{B3DF8994-3835-4BEC-A11F-7D765413D37A}.Debug|Any CPU.ActiveCfg = Debug|Any CPU
		{B3DF8994-3835-4BEC-A11F-7D765413D37A}.Debug|Any CPU.Build.0 = Debug|Any CPU
		{B3DF8994-3835-4BEC-A11F-7D765413D37A}.Release|Any CPU.ActiveCfg = Release|Any CPU
		{B3DF8994-3835-4BEC-A11F-7D765413D37A}.Release|Any CPU.Build.0 = Release|Any CPU
		{DFC1295F-DC3C-428C-A3D4-507A9FADC67F}.Debug|Any CPU.ActiveCfg = Debug|Any CPU
		{DFC1295F-DC3C-428C-A3D4-507A9FADC67F}.Debug|Any CPU.Build.0 = Debug|Any CPU
		{DFC1295F-DC3C-428C-A3D4-507A9FADC67F}.Release|Any CPU.ActiveCfg = Release|Any CPU
		{DFC1295F-DC3C-428C-A3D4-507A9FADC67F}.Release|Any CPU.Build.0 = Release|Any CPU
		{9C80326B-4A56-44C1-9310-B122D5122245}.Debug|Any CPU.ActiveCfg = Debug|Any CPU
		{9C80326B-4A56-44C1-9310-B122D5122245}.Debug|Any CPU.Build.0 = Debug|Any CPU
		{9C80326B-4A56-44C1-9310-B122D5122245}.Release|Any CPU.ActiveCfg = Release|Any CPU
		{9C80326B-4A56-44C1-9310-B122D5122245}.Release|Any CPU.Build.0 = Release|Any CPU
		{12E06B20-78EC-4B54-8B43-81202F618E62}.Debug|Any CPU.ActiveCfg = Debug|Any CPU
		{12E06B20-78EC-4B54-8B43-81202F618E62}.Debug|Any CPU.Build.0 = Debug|Any CPU
		{12E06B20-78EC-4B54-8B43-81202F618E62}.Release|Any CPU.ActiveCfg = Release|Any CPU
		{12E06B20-78EC-4B54-8B43-81202F618E62}.Release|Any CPU.Build.0 = Release|Any CPU
		{9D893E1E-2741-4178-93FA-69C8F33110B1}.Debug|Any CPU.ActiveCfg = Debug|Any CPU
		{9D893E1E-2741-4178-93FA-69C8F33110B1}.Debug|Any CPU.Build.0 = Debug|Any CPU
		{9D893E1E-2741-4178-93FA-69C8F33110B1}.Release|Any CPU.ActiveCfg = Release|Any CPU
		{9D893E1E-2741-4178-93FA-69C8F33110B1}.Release|Any CPU.Build.0 = Release|Any CPU
		{E65FFB0D-BA55-4724-9D65-7FB88BAF81DD}.Debug|Any CPU.ActiveCfg = Debug|Any CPU
		{E65FFB0D-BA55-4724-9D65-7FB88BAF81DD}.Debug|Any CPU.Build.0 = Debug|Any CPU
		{E65FFB0D-BA55-4724-9D65-7FB88BAF81DD}.Release|Any CPU.ActiveCfg = Release|Any CPU
		{E65FFB0D-BA55-4724-9D65-7FB88BAF81DD}.Release|Any CPU.Build.0 = Release|Any CPU
		{0F8931B1-BE3D-4544-9D9E-A7616B736A28}.Debug|Any CPU.ActiveCfg = Debug|Any CPU
		{0F8931B1-BE3D-4544-9D9E-A7616B736A28}.Debug|Any CPU.Build.0 = Debug|Any CPU
		{0F8931B1-BE3D-4544-9D9E-A7616B736A28}.Release|Any CPU.ActiveCfg = Release|Any CPU
		{0F8931B1-BE3D-4544-9D9E-A7616B736A28}.Release|Any CPU.Build.0 = Release|Any CPU
		{7C964BB8-FDBB-4B43-8EB6-9678BE2E9FD8}.Debug|Any CPU.ActiveCfg = Debug|Any CPU
		{7C964BB8-FDBB-4B43-8EB6-9678BE2E9FD8}.Debug|Any CPU.Build.0 = Debug|Any CPU
		{7C964BB8-FDBB-4B43-8EB6-9678BE2E9FD8}.Release|Any CPU.ActiveCfg = Release|Any CPU
		{7C964BB8-FDBB-4B43-8EB6-9678BE2E9FD8}.Release|Any CPU.Build.0 = Release|Any CPU
		{8EED5F10-67B6-47BE-A2F3-C9AA2485F6C9}.Debug|Any CPU.ActiveCfg = Debug|Any CPU
		{8EED5F10-67B6-47BE-A2F3-C9AA2485F6C9}.Debug|Any CPU.Build.0 = Debug|Any CPU
		{8EED5F10-67B6-47BE-A2F3-C9AA2485F6C9}.Release|Any CPU.ActiveCfg = Release|Any CPU
		{8EED5F10-67B6-47BE-A2F3-C9AA2485F6C9}.Release|Any CPU.Build.0 = Release|Any CPU
		{A4594427-AD8C-424F-AEFD-F995EB99EE39}.Debug|Any CPU.ActiveCfg = Debug|Any CPU
		{A4594427-AD8C-424F-AEFD-F995EB99EE39}.Debug|Any CPU.Build.0 = Debug|Any CPU
		{A4594427-AD8C-424F-AEFD-F995EB99EE39}.Release|Any CPU.ActiveCfg = Release|Any CPU
		{A4594427-AD8C-424F-AEFD-F995EB99EE39}.Release|Any CPU.Build.0 = Release|Any CPU
		{70C9ABF7-A821-4759-837D-C85B0A56D018}.Debug|Any CPU.ActiveCfg = Debug|Any CPU
		{70C9ABF7-A821-4759-837D-C85B0A56D018}.Debug|Any CPU.Build.0 = Debug|Any CPU
		{70C9ABF7-A821-4759-837D-C85B0A56D018}.Release|Any CPU.ActiveCfg = Release|Any CPU
		{70C9ABF7-A821-4759-837D-C85B0A56D018}.Release|Any CPU.Build.0 = Release|Any CPU
		{A4FAC0E2-7312-4013-B0B1-9252C5C4DB9D}.Debug|Any CPU.ActiveCfg = Debug|Any CPU
		{A4FAC0E2-7312-4013-B0B1-9252C5C4DB9D}.Debug|Any CPU.Build.0 = Debug|Any CPU
		{A4FAC0E2-7312-4013-B0B1-9252C5C4DB9D}.Release|Any CPU.ActiveCfg = Release|Any CPU
		{A4FAC0E2-7312-4013-B0B1-9252C5C4DB9D}.Release|Any CPU.Build.0 = Release|Any CPU
		{EE2A484A-02B8-44AD-87EB-64E42B869933}.Debug|Any CPU.ActiveCfg = Debug|Any CPU
		{EE2A484A-02B8-44AD-87EB-64E42B869933}.Debug|Any CPU.Build.0 = Debug|Any CPU
		{EE2A484A-02B8-44AD-87EB-64E42B869933}.Release|Any CPU.ActiveCfg = Release|Any CPU
		{EE2A484A-02B8-44AD-87EB-64E42B869933}.Release|Any CPU.Build.0 = Release|Any CPU
		{641DB0C5-30A5-45F4-B9D8-5275E14CB44F}.Debug|Any CPU.ActiveCfg = Debug|Any CPU
		{641DB0C5-30A5-45F4-B9D8-5275E14CB44F}.Debug|Any CPU.Build.0 = Debug|Any CPU
		{641DB0C5-30A5-45F4-B9D8-5275E14CB44F}.Release|Any CPU.ActiveCfg = Release|Any CPU
		{641DB0C5-30A5-45F4-B9D8-5275E14CB44F}.Release|Any CPU.Build.0 = Release|Any CPU
		{8812EBB2-DD0E-4792-8A9B-653D37C6C66E}.Debug|Any CPU.ActiveCfg = Debug|Any CPU
		{8812EBB2-DD0E-4792-8A9B-653D37C6C66E}.Debug|Any CPU.Build.0 = Debug|Any CPU
		{8812EBB2-DD0E-4792-8A9B-653D37C6C66E}.Release|Any CPU.ActiveCfg = Release|Any CPU
		{8812EBB2-DD0E-4792-8A9B-653D37C6C66E}.Release|Any CPU.Build.0 = Release|Any CPU
		{6EA06A84-7EE7-4DC8-9EBC-F266404B6C3C}.Debug|Any CPU.ActiveCfg = Debug|Any CPU
		{6EA06A84-7EE7-4DC8-9EBC-F266404B6C3C}.Debug|Any CPU.Build.0 = Debug|Any CPU
		{6EA06A84-7EE7-4DC8-9EBC-F266404B6C3C}.Release|Any CPU.ActiveCfg = Release|Any CPU
		{6EA06A84-7EE7-4DC8-9EBC-F266404B6C3C}.Release|Any CPU.Build.0 = Release|Any CPU
		{4A13732F-26F4-4BBD-93F9-5C87DD53B785}.Debug|Any CPU.ActiveCfg = Debug|Any CPU
		{4A13732F-26F4-4BBD-93F9-5C87DD53B785}.Debug|Any CPU.Build.0 = Debug|Any CPU
		{4A13732F-26F4-4BBD-93F9-5C87DD53B785}.Release|Any CPU.ActiveCfg = Release|Any CPU
		{4A13732F-26F4-4BBD-93F9-5C87DD53B785}.Release|Any CPU.Build.0 = Release|Any CPU
		{8D6EBC49-F4E4-4122-8657-964617460EAA}.Debug|Any CPU.ActiveCfg = Debug|Any CPU
		{8D6EBC49-F4E4-4122-8657-964617460EAA}.Debug|Any CPU.Build.0 = Debug|Any CPU
		{8D6EBC49-F4E4-4122-8657-964617460EAA}.Release|Any CPU.ActiveCfg = Release|Any CPU
		{8D6EBC49-F4E4-4122-8657-964617460EAA}.Release|Any CPU.Build.0 = Release|Any CPU
		{EADB72A9-5475-4592-A3E3-CA1174535C5F}.Debug|Any CPU.ActiveCfg = Debug|Any CPU
		{EADB72A9-5475-4592-A3E3-CA1174535C5F}.Debug|Any CPU.Build.0 = Debug|Any CPU
		{EADB72A9-5475-4592-A3E3-CA1174535C5F}.Release|Any CPU.ActiveCfg = Release|Any CPU
		{EADB72A9-5475-4592-A3E3-CA1174535C5F}.Release|Any CPU.Build.0 = Release|Any CPU
		{9B5CED69-46F7-4603-8DA9-BD36B1F8D3E9}.Debug|Any CPU.ActiveCfg = Debug|Any CPU
		{9B5CED69-46F7-4603-8DA9-BD36B1F8D3E9}.Debug|Any CPU.Build.0 = Debug|Any CPU
		{9B5CED69-46F7-4603-8DA9-BD36B1F8D3E9}.Release|Any CPU.ActiveCfg = Release|Any CPU
		{9B5CED69-46F7-4603-8DA9-BD36B1F8D3E9}.Release|Any CPU.Build.0 = Release|Any CPU
		{4DD89D01-350E-4CDA-96F8-A6515E3C88AB}.Debug|Any CPU.ActiveCfg = Debug|Any CPU
		{4DD89D01-350E-4CDA-96F8-A6515E3C88AB}.Debug|Any CPU.Build.0 = Debug|Any CPU
		{4DD89D01-350E-4CDA-96F8-A6515E3C88AB}.Release|Any CPU.ActiveCfg = Release|Any CPU
		{4DD89D01-350E-4CDA-96F8-A6515E3C88AB}.Release|Any CPU.Build.0 = Release|Any CPU
	EndGlobalSection
	GlobalSection(SolutionProperties) = preSolution
		HideSolutionNode = FALSE
	EndGlobalSection
	GlobalSection(NestedProjects) = preSolution
		{6B3139F0-9F1E-4D3A-9303-1EF9B43A4FCB} = {48F3FE18-D7E9-48D0-80A1-720D40342D54}
		{AE88D765-E4A0-43BC-A6A5-11CD589580E0} = {EB7F811E-7FB3-484C-82C2-815098A2B9DF}
		{728E9205-5562-4D16-8839-081F37F75BEE} = {1AA7B04F-1FD5-4E32-B612-D9217A16B5B2}
		{CA09133B-0EB6-467F-827E-1E0E3706E5AE} = {A535CAFD-FEAE-480C-8335-20C80F90C3D0}
		{E2725A5E-4EB9-4F79-B24C-F7598201C0F7} = {48F3FE18-D7E9-48D0-80A1-720D40342D54}
		{6EBDCB84-95A9-417B-967E-37ACF7D4ABCA} = {48F3FE18-D7E9-48D0-80A1-720D40342D54}
		{FC2614C3-74ED-4E9F-A8B9-98D18A59D0C0} = {45BACE28-DAFF-44E1-8528-B6196986B8F3}
		{EECD97C9-87B4-4E00-8455-A8C80ABFB66F} = {45BACE28-DAFF-44E1-8528-B6196986B8F3}
		{141873A9-7298-45BA-88DE-AC8C49492E95} = {45BACE28-DAFF-44E1-8528-B6196986B8F3}
		{C92F3088-B5C6-4095-8D49-C13A55F42577} = {45BACE28-DAFF-44E1-8528-B6196986B8F3}
		{EE1BEEE8-7FE3-48E9-8F9B-1C769744C010} = {45BACE28-DAFF-44E1-8528-B6196986B8F3}
		{0D862F9E-FDB7-416E-8621-6D7F28E21AEB} = {93B7AF55-9814-4DB4-8A3B-686FE3A6151D}
		{79D5C2C6-AE98-4B38-9BB8-167118E81998} = {1AA7B04F-1FD5-4E32-B612-D9217A16B5B2}
		{A63BEA9E-EA73-4226-B7B1-2DD1503A262E} = {93B7AF55-9814-4DB4-8A3B-686FE3A6151D}
		{74A1EA98-466C-4463-8BBE-5F2D15BF0746} = {93B7AF55-9814-4DB4-8A3B-686FE3A6151D}
		{ED9532D4-7643-4A2F-AC6A-7EA11BBF2612} = {48F3FE18-D7E9-48D0-80A1-720D40342D54}
		{93B7AF55-9814-4DB4-8A3B-686FE3A6151D} = {1AA7B04F-1FD5-4E32-B612-D9217A16B5B2}
		{EB7F811E-7FB3-484C-82C2-815098A2B9DF} = {1AA7B04F-1FD5-4E32-B612-D9217A16B5B2}
		{306E3C51-E72E-4543-9F58-B65990CC8437} = {9E6A42FB-33D2-4D33-9F67-5BDD959DDAFD}
		{4CFF0E68-8388-4998-8CCA-2495277C3BD7} = {9E6A42FB-33D2-4D33-9F67-5BDD959DDAFD}
		{9C4A7AF8-B7DB-415A-8ACE-27330CE5ECB8} = {1AA7B04F-1FD5-4E32-B612-D9217A16B5B2}
		{CD997CA8-7706-4133-B05E-28C2667F67B1} = {9C4A7AF8-B7DB-415A-8ACE-27330CE5ECB8}
		{660936C5-2DB1-482F-8694-17EDA2FA749E} = {9C4A7AF8-B7DB-415A-8ACE-27330CE5ECB8}
		{6D80EA1D-B7BF-422A-8577-824CC4A87F2E} = {48F3FE18-D7E9-48D0-80A1-720D40342D54}
		{8B643F85-8A84-4DDC-9B4D-C7CF10BF0296} = {9E6A42FB-33D2-4D33-9F67-5BDD959DDAFD}
		{B3DF8994-3835-4BEC-A11F-7D765413D37A} = {9E6A42FB-33D2-4D33-9F67-5BDD959DDAFD}
		{DFC1295F-DC3C-428C-A3D4-507A9FADC67F} = {9C4A7AF8-B7DB-415A-8ACE-27330CE5ECB8}
		{9C80326B-4A56-44C1-9310-B122D5122245} = {1AA7B04F-1FD5-4E32-B612-D9217A16B5B2}
		{12E06B20-78EC-4B54-8B43-81202F618E62} = {45BACE28-DAFF-44E1-8528-B6196986B8F3}
		{9D893E1E-2741-4178-93FA-69C8F33110B1} = {48F3FE18-D7E9-48D0-80A1-720D40342D54}
		{E65FFB0D-BA55-4724-9D65-7FB88BAF81DD} = {45BACE28-DAFF-44E1-8528-B6196986B8F3}
		{0F8931B1-BE3D-4544-9D9E-A7616B736A28} = {48F3FE18-D7E9-48D0-80A1-720D40342D54}
		{7C964BB8-FDBB-4B43-8EB6-9678BE2E9FD8} = {EB7F811E-7FB3-484C-82C2-815098A2B9DF}
		{8EED5F10-67B6-47BE-A2F3-C9AA2485F6C9} = {93B7AF55-9814-4DB4-8A3B-686FE3A6151D}
		{A4594427-AD8C-424F-AEFD-F995EB99EE39} = {48F3FE18-D7E9-48D0-80A1-720D40342D54}
		{70C9ABF7-A821-4759-837D-C85B0A56D018} = {1AA7B04F-1FD5-4E32-B612-D9217A16B5B2}
		{A4FAC0E2-7312-4013-B0B1-9252C5C4DB9D} = {1AA7B04F-1FD5-4E32-B612-D9217A16B5B2}
		{EE2A484A-02B8-44AD-87EB-64E42B869933} = {54ED0C13-36DF-4BD8-A7E9-B9CB72AC9F3A}
		{3C41792F-6734-4E52-AC0E-21E665B63EB0} = {1AA7B04F-1FD5-4E32-B612-D9217A16B5B2}
		{641DB0C5-30A5-45F4-B9D8-5275E14CB44F} = {54ED0C13-36DF-4BD8-A7E9-B9CB72AC9F3A}
		{8812EBB2-DD0E-4792-8A9B-653D37C6C66E} = {3C41792F-6734-4E52-AC0E-21E665B63EB0}
		{6EA06A84-7EE7-4DC8-9EBC-F266404B6C3C} = {54ED0C13-36DF-4BD8-A7E9-B9CB72AC9F3A}
		{4A13732F-26F4-4BBD-93F9-5C87DD53B785} = {54ED0C13-36DF-4BD8-A7E9-B9CB72AC9F3A}
		{8D6EBC49-F4E4-4122-8657-964617460EAA} = {A535CAFD-FEAE-480C-8335-20C80F90C3D0}
		{EADB72A9-5475-4592-A3E3-CA1174535C5F} = {54ED0C13-36DF-4BD8-A7E9-B9CB72AC9F3A}
		{9B5CED69-46F7-4603-8DA9-BD36B1F8D3E9} = {A535CAFD-FEAE-480C-8335-20C80F90C3D0}
		{4DD89D01-350E-4CDA-96F8-A6515E3C88AB} = {3C41792F-6734-4E52-AC0E-21E665B63EB0}
	EndGlobalSection
EndGlobal
