
Microsoft Visual Studio Solution File, Format Version 12.00
# Visual Studio 14
VisualStudioVersion = 14.0.25123.0
MinimumVisualStudioVersion = 10.0.40219.1
Project("{FAE04EC0-301F-11D3-BF4B-00C04F79EFBC}") = "Mongo", "Mongo\Mongo.csproj", "{6B3139F0-9F1E-4D3A-9303-1EF9B43A4FCB}"
EndProject
Project("{2150E333-8FDC-42A3-9474-1A3956D46DE8}") = "Tests", "Tests", "{1AA7B04F-1FD5-4E32-B612-D9217A16B5B2}"
EndProject
Project("{FAE04EC0-301F-11D3-BF4B-00C04F79EFBC}") = "Mongo.Tests", "Mongo.Tests\Mongo.Tests.csproj", "{AE88D765-E4A0-43BC-A6A5-11CD589580E0}"
EndProject
Project("{FAE04EC0-301F-11D3-BF4B-00C04F79EFBC}") = "TestNUnit", "NUnit\TestNUnit.csproj", "{728E9205-5562-4D16-8839-081F37F75BEE}"
EndProject
Project("{FAE04EC0-301F-11D3-BF4B-00C04F79EFBC}") = "UserManagement", "UserManagement\UserManagement.csproj", "{CA09133B-0EB6-467F-827E-1E0E3706E5AE}"
EndProject
Project("{FAE04EC0-301F-11D3-BF4B-00C04F79EFBC}") = "Logging", "Logging\Logging.csproj", "{E2725A5E-4EB9-4F79-B24C-F7598201C0F7}"
EndProject
Project("{FAE04EC0-301F-11D3-BF4B-00C04F79EFBC}") = "Mapper", "Mapper\Mapper.csproj", "{6EBDCB84-95A9-417B-967E-37ACF7D4ABCA}"
EndProject
Project("{2150E333-8FDC-42A3-9474-1A3956D46DE8}") = "Auth", "Auth", "{45BACE28-DAFF-44E1-8528-B6196986B8F3}"
EndProject
Project("{FAE04EC0-301F-11D3-BF4B-00C04F79EFBC}") = "Auth.Domain", "Auth.Domain\Auth.Domain.csproj", "{FC2614C3-74ED-4E9F-A8B9-98D18A59D0C0}"
EndProject
Project("{FAE04EC0-301F-11D3-BF4B-00C04F79EFBC}") = "Auth.Service", "Auth.Service\Auth.Service.csproj", "{EECD97C9-87B4-4E00-8455-A8C80ABFB66F}"
EndProject
Project("{FAE04EC0-301F-11D3-BF4B-00C04F79EFBC}") = "Auth.Mongo", "Auth.Mongo\Auth.Mongo.csproj", "{141873A9-7298-45BA-88DE-AC8C49492E95}"
EndProject
Project("{FAE04EC0-301F-11D3-BF4B-00C04F79EFBC}") = "Auth.StructureMap", "Auth.StructureMap\Auth.StructureMap.csproj", "{D307B4BB-586B-4F1C-9D2B-CA527FD23778}"
EndProject
Project("{FAE04EC0-301F-11D3-BF4B-00C04F79EFBC}") = "Auth.WebApi", "Auth.WebApi\Auth.WebApi.csproj", "{C92F3088-B5C6-4095-8D49-C13A55F42577}"
EndProject
Project("{FAE04EC0-301F-11D3-BF4B-00C04F79EFBC}") = "Auth.IisWebApiHost", "Auth.IisWebApiHost\Auth.IisWebApiHost.csproj", "{EE1BEEE8-7FE3-48E9-8F9B-1C769744C010}"
EndProject
Project("{FAE04EC0-301F-11D3-BF4B-00C04F79EFBC}") = "Auth.Domain.Tests", "Auth.Domain.Tests\Auth.Domain.Tests.csproj", "{0D862F9E-FDB7-416E-8621-6D7F28E21AEB}"
EndProject
Project("{FAE04EC0-301F-11D3-BF4B-00C04F79EFBC}") = "TestMongoUtilities", "TestMongoUtilities\TestMongoUtilities.csproj", "{79D5C2C6-AE98-4B38-9BB8-167118E81998}"
EndProject
Project("{FAE04EC0-301F-11D3-BF4B-00C04F79EFBC}") = "Auth.Service.Tests", "Auth.Service.Tests\Auth.Service.Tests.csproj", "{A63BEA9E-EA73-4226-B7B1-2DD1503A262E}"
EndProject
Project("{FAE04EC0-301F-11D3-BF4B-00C04F79EFBC}") = "Auth.Mongo.Tests", "Auth.Mongo.Tests\Auth.Mongo.Tests.csproj", "{74A1EA98-466C-4463-8BBE-5F2D15BF0746}"
EndProject
Project("{2150E333-8FDC-42A3-9474-1A3956D46DE8}") = "Shared", "Shared", "{48F3FE18-D7E9-48D0-80A1-720D40342D54}"
EndProject
Project("{FAE04EC0-301F-11D3-BF4B-00C04F79EFBC}") = "Mongo.StructureMap", "Mongo.StructureMap\Mongo.StructureMap.csproj", "{BE299ABD-9398-4745-8BC8-AC8C53BAACCC}"
EndProject
Project("{2150E333-8FDC-42A3-9474-1A3956D46DE8}") = "Utils", "Utils", "{A535CAFD-FEAE-480C-8335-20C80F90C3D0}"
EndProject
Project("{FAE04EC0-301F-11D3-BF4B-00C04F79EFBC}") = "Auth.AutoMapper", "Auth.AutoMapper\Auth.AutoMapper.csproj", "{64CBCDA2-CA1B-4516-90B6-D420618BCA3A}"
EndProject
Project("{FAE04EC0-301F-11D3-BF4B-00C04F79EFBC}") = "Timing", "Timing\Timing.csproj", "{ED9532D4-7643-4A2F-AC6A-7EA11BBF2612}"
EndProject
Project("{2150E333-8FDC-42A3-9474-1A3956D46DE8}") = "Auth", "Auth", "{93B7AF55-9814-4DB4-8A3B-686FE3A6151D}"
EndProject
Project("{2150E333-8FDC-42A3-9474-1A3956D46DE8}") = "Shared", "Shared", "{EB7F811E-7FB3-484C-82C2-815098A2B9DF}"
EndProject
Global
	GlobalSection(SolutionConfigurationPlatforms) = preSolution
		Debug|Any CPU = Debug|Any CPU
		Release|Any CPU = Release|Any CPU
	EndGlobalSection
	GlobalSection(ProjectConfigurationPlatforms) = postSolution
		{6B3139F0-9F1E-4D3A-9303-1EF9B43A4FCB}.Debug|Any CPU.ActiveCfg = Debug|Any CPU
		{6B3139F0-9F1E-4D3A-9303-1EF9B43A4FCB}.Debug|Any CPU.Build.0 = Debug|Any CPU
		{6B3139F0-9F1E-4D3A-9303-1EF9B43A4FCB}.Release|Any CPU.ActiveCfg = Release|Any CPU
		{6B3139F0-9F1E-4D3A-9303-1EF9B43A4FCB}.Release|Any CPU.Build.0 = Release|Any CPU
		{AE88D765-E4A0-43BC-A6A5-11CD589580E0}.Debug|Any CPU.ActiveCfg = Debug|Any CPU
		{AE88D765-E4A0-43BC-A6A5-11CD589580E0}.Debug|Any CPU.Build.0 = Debug|Any CPU
		{AE88D765-E4A0-43BC-A6A5-11CD589580E0}.Release|Any CPU.ActiveCfg = Release|Any CPU
		{AE88D765-E4A0-43BC-A6A5-11CD589580E0}.Release|Any CPU.Build.0 = Release|Any CPU
		{728E9205-5562-4D16-8839-081F37F75BEE}.Debug|Any CPU.ActiveCfg = Debug|Any CPU
		{728E9205-5562-4D16-8839-081F37F75BEE}.Debug|Any CPU.Build.0 = Debug|Any CPU
		{728E9205-5562-4D16-8839-081F37F75BEE}.Release|Any CPU.ActiveCfg = Release|Any CPU
		{728E9205-5562-4D16-8839-081F37F75BEE}.Release|Any CPU.Build.0 = Release|Any CPU
		{CA09133B-0EB6-467F-827E-1E0E3706E5AE}.Debug|Any CPU.ActiveCfg = Debug|Any CPU
		{CA09133B-0EB6-467F-827E-1E0E3706E5AE}.Debug|Any CPU.Build.0 = Debug|Any CPU
		{CA09133B-0EB6-467F-827E-1E0E3706E5AE}.Release|Any CPU.ActiveCfg = Release|Any CPU
		{CA09133B-0EB6-467F-827E-1E0E3706E5AE}.Release|Any CPU.Build.0 = Release|Any CPU
		{E2725A5E-4EB9-4F79-B24C-F7598201C0F7}.Debug|Any CPU.ActiveCfg = Debug|Any CPU
		{E2725A5E-4EB9-4F79-B24C-F7598201C0F7}.Debug|Any CPU.Build.0 = Debug|Any CPU
		{E2725A5E-4EB9-4F79-B24C-F7598201C0F7}.Release|Any CPU.ActiveCfg = Release|Any CPU
		{E2725A5E-4EB9-4F79-B24C-F7598201C0F7}.Release|Any CPU.Build.0 = Release|Any CPU
		{6EBDCB84-95A9-417B-967E-37ACF7D4ABCA}.Debug|Any CPU.ActiveCfg = Debug|Any CPU
		{6EBDCB84-95A9-417B-967E-37ACF7D4ABCA}.Debug|Any CPU.Build.0 = Debug|Any CPU
		{6EBDCB84-95A9-417B-967E-37ACF7D4ABCA}.Release|Any CPU.ActiveCfg = Release|Any CPU
		{6EBDCB84-95A9-417B-967E-37ACF7D4ABCA}.Release|Any CPU.Build.0 = Release|Any CPU
		{FC2614C3-74ED-4E9F-A8B9-98D18A59D0C0}.Debug|Any CPU.ActiveCfg = Debug|Any CPU
		{FC2614C3-74ED-4E9F-A8B9-98D18A59D0C0}.Debug|Any CPU.Build.0 = Debug|Any CPU
		{FC2614C3-74ED-4E9F-A8B9-98D18A59D0C0}.Release|Any CPU.ActiveCfg = Release|Any CPU
		{FC2614C3-74ED-4E9F-A8B9-98D18A59D0C0}.Release|Any CPU.Build.0 = Release|Any CPU
		{EECD97C9-87B4-4E00-8455-A8C80ABFB66F}.Debug|Any CPU.ActiveCfg = Debug|Any CPU
		{EECD97C9-87B4-4E00-8455-A8C80ABFB66F}.Debug|Any CPU.Build.0 = Debug|Any CPU
		{EECD97C9-87B4-4E00-8455-A8C80ABFB66F}.Release|Any CPU.ActiveCfg = Release|Any CPU
		{EECD97C9-87B4-4E00-8455-A8C80ABFB66F}.Release|Any CPU.Build.0 = Release|Any CPU
		{141873A9-7298-45BA-88DE-AC8C49492E95}.Debug|Any CPU.ActiveCfg = Debug|Any CPU
		{141873A9-7298-45BA-88DE-AC8C49492E95}.Debug|Any CPU.Build.0 = Debug|Any CPU
		{141873A9-7298-45BA-88DE-AC8C49492E95}.Release|Any CPU.ActiveCfg = Release|Any CPU
		{141873A9-7298-45BA-88DE-AC8C49492E95}.Release|Any CPU.Build.0 = Release|Any CPU
		{D307B4BB-586B-4F1C-9D2B-CA527FD23778}.Debug|Any CPU.ActiveCfg = Debug|Any CPU
		{D307B4BB-586B-4F1C-9D2B-CA527FD23778}.Debug|Any CPU.Build.0 = Debug|Any CPU
		{D307B4BB-586B-4F1C-9D2B-CA527FD23778}.Release|Any CPU.ActiveCfg = Release|Any CPU
		{D307B4BB-586B-4F1C-9D2B-CA527FD23778}.Release|Any CPU.Build.0 = Release|Any CPU
		{C92F3088-B5C6-4095-8D49-C13A55F42577}.Debug|Any CPU.ActiveCfg = Debug|Any CPU
		{C92F3088-B5C6-4095-8D49-C13A55F42577}.Debug|Any CPU.Build.0 = Debug|Any CPU
		{C92F3088-B5C6-4095-8D49-C13A55F42577}.Release|Any CPU.ActiveCfg = Release|Any CPU
		{C92F3088-B5C6-4095-8D49-C13A55F42577}.Release|Any CPU.Build.0 = Release|Any CPU
		{EE1BEEE8-7FE3-48E9-8F9B-1C769744C010}.Debug|Any CPU.ActiveCfg = Debug|Any CPU
		{EE1BEEE8-7FE3-48E9-8F9B-1C769744C010}.Debug|Any CPU.Build.0 = Debug|Any CPU
		{EE1BEEE8-7FE3-48E9-8F9B-1C769744C010}.Release|Any CPU.ActiveCfg = Release|Any CPU
		{EE1BEEE8-7FE3-48E9-8F9B-1C769744C010}.Release|Any CPU.Build.0 = Release|Any CPU
		{0D862F9E-FDB7-416E-8621-6D7F28E21AEB}.Debug|Any CPU.ActiveCfg = Debug|Any CPU
		{0D862F9E-FDB7-416E-8621-6D7F28E21AEB}.Debug|Any CPU.Build.0 = Debug|Any CPU
		{0D862F9E-FDB7-416E-8621-6D7F28E21AEB}.Release|Any CPU.ActiveCfg = Release|Any CPU
		{0D862F9E-FDB7-416E-8621-6D7F28E21AEB}.Release|Any CPU.Build.0 = Release|Any CPU
		{79D5C2C6-AE98-4B38-9BB8-167118E81998}.Debug|Any CPU.ActiveCfg = Debug|Any CPU
		{79D5C2C6-AE98-4B38-9BB8-167118E81998}.Debug|Any CPU.Build.0 = Debug|Any CPU
		{79D5C2C6-AE98-4B38-9BB8-167118E81998}.Release|Any CPU.ActiveCfg = Release|Any CPU
		{79D5C2C6-AE98-4B38-9BB8-167118E81998}.Release|Any CPU.Build.0 = Release|Any CPU
		{A63BEA9E-EA73-4226-B7B1-2DD1503A262E}.Debug|Any CPU.ActiveCfg = Debug|Any CPU
		{A63BEA9E-EA73-4226-B7B1-2DD1503A262E}.Debug|Any CPU.Build.0 = Debug|Any CPU
		{A63BEA9E-EA73-4226-B7B1-2DD1503A262E}.Release|Any CPU.ActiveCfg = Release|Any CPU
		{A63BEA9E-EA73-4226-B7B1-2DD1503A262E}.Release|Any CPU.Build.0 = Release|Any CPU
		{74A1EA98-466C-4463-8BBE-5F2D15BF0746}.Debug|Any CPU.ActiveCfg = Debug|Any CPU
		{74A1EA98-466C-4463-8BBE-5F2D15BF0746}.Debug|Any CPU.Build.0 = Debug|Any CPU
		{74A1EA98-466C-4463-8BBE-5F2D15BF0746}.Release|Any CPU.ActiveCfg = Release|Any CPU
		{74A1EA98-466C-4463-8BBE-5F2D15BF0746}.Release|Any CPU.Build.0 = Release|Any CPU
		{BE299ABD-9398-4745-8BC8-AC8C53BAACCC}.Debug|Any CPU.ActiveCfg = Debug|Any CPU
		{BE299ABD-9398-4745-8BC8-AC8C53BAACCC}.Debug|Any CPU.Build.0 = Debug|Any CPU
		{BE299ABD-9398-4745-8BC8-AC8C53BAACCC}.Release|Any CPU.ActiveCfg = Release|Any CPU
		{BE299ABD-9398-4745-8BC8-AC8C53BAACCC}.Release|Any CPU.Build.0 = Release|Any CPU
		{64CBCDA2-CA1B-4516-90B6-D420618BCA3A}.Debug|Any CPU.ActiveCfg = Debug|Any CPU
		{64CBCDA2-CA1B-4516-90B6-D420618BCA3A}.Debug|Any CPU.Build.0 = Debug|Any CPU
		{64CBCDA2-CA1B-4516-90B6-D420618BCA3A}.Release|Any CPU.ActiveCfg = Release|Any CPU
		{64CBCDA2-CA1B-4516-90B6-D420618BCA3A}.Release|Any CPU.Build.0 = Release|Any CPU
		{ED9532D4-7643-4A2F-AC6A-7EA11BBF2612}.Debug|Any CPU.ActiveCfg = Debug|Any CPU
		{ED9532D4-7643-4A2F-AC6A-7EA11BBF2612}.Debug|Any CPU.Build.0 = Debug|Any CPU
		{ED9532D4-7643-4A2F-AC6A-7EA11BBF2612}.Release|Any CPU.ActiveCfg = Release|Any CPU
		{ED9532D4-7643-4A2F-AC6A-7EA11BBF2612}.Release|Any CPU.Build.0 = Release|Any CPU
	EndGlobalSection
	GlobalSection(SolutionProperties) = preSolution
		HideSolutionNode = FALSE
	EndGlobalSection
	GlobalSection(NestedProjects) = preSolution
		{6B3139F0-9F1E-4D3A-9303-1EF9B43A4FCB} = {48F3FE18-D7E9-48D0-80A1-720D40342D54}
		{AE88D765-E4A0-43BC-A6A5-11CD589580E0} = {EB7F811E-7FB3-484C-82C2-815098A2B9DF}
		{728E9205-5562-4D16-8839-081F37F75BEE} = {1AA7B04F-1FD5-4E32-B612-D9217A16B5B2}
		{CA09133B-0EB6-467F-827E-1E0E3706E5AE} = {A535CAFD-FEAE-480C-8335-20C80F90C3D0}
		{E2725A5E-4EB9-4F79-B24C-F7598201C0F7} = {48F3FE18-D7E9-48D0-80A1-720D40342D54}
		{6EBDCB84-95A9-417B-967E-37ACF7D4ABCA} = {48F3FE18-D7E9-48D0-80A1-720D40342D54}
		{FC2614C3-74ED-4E9F-A8B9-98D18A59D0C0} = {45BACE28-DAFF-44E1-8528-B6196986B8F3}
		{EECD97C9-87B4-4E00-8455-A8C80ABFB66F} = {45BACE28-DAFF-44E1-8528-B6196986B8F3}
		{141873A9-7298-45BA-88DE-AC8C49492E95} = {45BACE28-DAFF-44E1-8528-B6196986B8F3}
		{D307B4BB-586B-4F1C-9D2B-CA527FD23778} = {45BACE28-DAFF-44E1-8528-B6196986B8F3}
		{C92F3088-B5C6-4095-8D49-C13A55F42577} = {45BACE28-DAFF-44E1-8528-B6196986B8F3}
		{EE1BEEE8-7FE3-48E9-8F9B-1C769744C010} = {45BACE28-DAFF-44E1-8528-B6196986B8F3}
		{0D862F9E-FDB7-416E-8621-6D7F28E21AEB} = {93B7AF55-9814-4DB4-8A3B-686FE3A6151D}
		{79D5C2C6-AE98-4B38-9BB8-167118E81998} = {1AA7B04F-1FD5-4E32-B612-D9217A16B5B2}
		{A63BEA9E-EA73-4226-B7B1-2DD1503A262E} = {93B7AF55-9814-4DB4-8A3B-686FE3A6151D}
		{74A1EA98-466C-4463-8BBE-5F2D15BF0746} = {93B7AF55-9814-4DB4-8A3B-686FE3A6151D}
		{BE299ABD-9398-4745-8BC8-AC8C53BAACCC} = {48F3FE18-D7E9-48D0-80A1-720D40342D54}
		{64CBCDA2-CA1B-4516-90B6-D420618BCA3A} = {45BACE28-DAFF-44E1-8528-B6196986B8F3}
		{ED9532D4-7643-4A2F-AC6A-7EA11BBF2612} = {48F3FE18-D7E9-48D0-80A1-720D40342D54}
		{93B7AF55-9814-4DB4-8A3B-686FE3A6151D} = {1AA7B04F-1FD5-4E32-B612-D9217A16B5B2}
		{EB7F811E-7FB3-484C-82C2-815098A2B9DF} = {1AA7B04F-1FD5-4E32-B612-D9217A16B5B2}
	EndGlobalSection
EndGlobal
